
Microsoft Visual Studio Solution File, Format Version 12.00
# Visual Studio Version 17
VisualStudioVersion = 17.3.32929.385
MinimumVisualStudioVersion = 10.0.40219.1
Project("{9A19103F-16F7-4668-BE54-9A1E7A4F7556}") = "WebApplication2", "WebApplication2\WebApplication2.csproj", "{FD08FEB0-E3F7-4138-B20E-DC083E121BFE}"
EndProject
Global
	GlobalSection(SolutionConfigurationPlatforms) = preSolution
		Debug|Any CPU = Debug|Any CPU
		Release|Any CPU = Release|Any CPU
	EndGlobalSection
	GlobalSection(ProjectConfigurationPlatforms) = postSolution
		{FD08FEB0-E3F7-4138-B20E-DC083E121BFE}.Debug|Any CPU.ActiveCfg = Debug|Any CPU
		{FD08FEB0-E3F7-4138-B20E-DC083E121BFE}.Debug|Any CPU.Build.0 = Debug|Any CPU
		{FD08FEB0-E3F7-4138-B20E-DC083E121BFE}.Release|Any CPU.ActiveCfg = Release|Any CPU
		{FD08FEB0-E3F7-4138-B20E-DC083E121BFE}.Release|Any CPU.Build.0 = Release|Any CPU
	EndGlobalSection
	GlobalSection(SolutionProperties) = preSolution
		HideSolutionNode = FALSE
	EndGlobalSection
	GlobalSection(ExtensibilityGlobals) = postSolution
		SolutionGuid = {DB9BFF1A-35DE-46A7-B39F-C0898C504C36}
	EndGlobalSection
EndGlobal
